
Microsoft Visual Studio Solution File, Format Version 12.00
# Visual Studio Version 17
VisualStudioVersion = 17.9.34714.143
MinimumVisualStudioVersion = 10.0.40219.1
Project("{FAE04EC0-301F-11D3-BF4B-00C04F79EFBC}") = "credito", "credito\credito.csproj", "{9BFCBE3F-5AD3-4FFD-B0B8-4A6748CCFABD}"
EndProject
Global
	GlobalSection(SolutionConfigurationPlatforms) = preSolution
		Debug|Any CPU = Debug|Any CPU
		Release|Any CPU = Release|Any CPU
	EndGlobalSection
	GlobalSection(ProjectConfigurationPlatforms) = postSolution
		{9BFCBE3F-5AD3-4FFD-B0B8-4A6748CCFABD}.Debug|Any CPU.ActiveCfg = Debug|Any CPU
		{9BFCBE3F-5AD3-4FFD-B0B8-4A6748CCFABD}.Debug|Any CPU.Build.0 = Debug|Any CPU
		{9BFCBE3F-5AD3-4FFD-B0B8-4A6748CCFABD}.Release|Any CPU.ActiveCfg = Release|Any CPU
		{9BFCBE3F-5AD3-4FFD-B0B8-4A6748CCFABD}.Release|Any CPU.Build.0 = Release|Any CPU
	EndGlobalSection
	GlobalSection(SolutionProperties) = preSolution
		HideSolutionNode = FALSE
	EndGlobalSection
	GlobalSection(ExtensibilityGlobals) = postSolution
		SolutionGuid = {A1953D9A-67CB-4FBE-B5A2-8497DFF14C54}
	EndGlobalSection
EndGlobal
